
Microsoft Visual Studio Solution File, Format Version 12.00
# Visual Studio 15
VisualStudioVersion = 15.0.27130.2036
MinimumVisualStudioVersion = 10.0.40219.1
Project("{FAE04EC0-301F-11D3-BF4B-00C04F79EFBC}") = "ConsoleApp2", "ConsoleApp2\ConsoleApp2.csproj", "{B6FEAC53-749D-489D-9431-E2AC95D52BC0}"
EndProject
Project("{FAE04EC0-301F-11D3-BF4B-00C04F79EFBC}") = "ConsoleApp1", "ConsoleApp1\ConsoleApp1.csproj", "{FDBA3080-0DB4-4750-833C-631E6ABDDBEE}"
EndProject
Global
	GlobalSection(SolutionConfigurationPlatforms) = preSolution
		Debug|Any CPU = Debug|Any CPU
		Release|Any CPU = Release|Any CPU
	EndGlobalSection
	GlobalSection(ProjectConfigurationPlatforms) = postSolution
		{B6FEAC53-749D-489D-9431-E2AC95D52BC0}.Debug|Any CPU.ActiveCfg = Debug|Any CPU
		{B6FEAC53-749D-489D-9431-E2AC95D52BC0}.Debug|Any CPU.Build.0 = Debug|Any CPU
		{B6FEAC53-749D-489D-9431-E2AC95D52BC0}.Release|Any CPU.ActiveCfg = Release|Any CPU
		{B6FEAC53-749D-489D-9431-E2AC95D52BC0}.Release|Any CPU.Build.0 = Release|Any CPU
		{FDBA3080-0DB4-4750-833C-631E6ABDDBEE}.Debug|Any CPU.ActiveCfg = Debug|Any CPU
		{FDBA3080-0DB4-4750-833C-631E6ABDDBEE}.Debug|Any CPU.Build.0 = Debug|Any CPU
		{FDBA3080-0DB4-4750-833C-631E6ABDDBEE}.Release|Any CPU.ActiveCfg = Release|Any CPU
		{FDBA3080-0DB4-4750-833C-631E6ABDDBEE}.Release|Any CPU.Build.0 = Release|Any CPU
	EndGlobalSection
	GlobalSection(SolutionProperties) = preSolution
		HideSolutionNode = FALSE
	EndGlobalSection
	GlobalSection(ExtensibilityGlobals) = postSolution
		SolutionGuid = {8499A371-775F-4958-84D7-A901F6DD33E4}
	EndGlobalSection
EndGlobal
