
Microsoft Visual Studio Solution File, Format Version 12.00
# Visual Studio 15
VisualStudioVersion = 15.0.27130.2036
MinimumVisualStudioVersion = 10.0.40219.1
Project("{FAE04EC0-301F-11D3-BF4B-00C04F79EFBC}") = "WindowsForms   txt", "WindowsForms   txt\WindowsForms   txt.csproj", "{0E40FB1E-7697-41EF-B151-E950DF966FCD}"
EndProject
Project("{FAE04EC0-301F-11D3-BF4B-00C04F79EFBC}") = "WindowsFormsApp1", "WindowsFormsApp1\WindowsFormsApp1.csproj", "{4C14461D-ADD6-4583-9B30-9463D2896D29}"
EndProject
Global
	GlobalSection(SolutionConfigurationPlatforms) = preSolution
		Debug|Any CPU = Debug|Any CPU
		Release|Any CPU = Release|Any CPU
	EndGlobalSection
	GlobalSection(ProjectConfigurationPlatforms) = postSolution
		{0E40FB1E-7697-41EF-B151-E950DF966FCD}.Debug|Any CPU.ActiveCfg = Debug|Any CPU
		{0E40FB1E-7697-41EF-B151-E950DF966FCD}.Debug|Any CPU.Build.0 = Debug|Any CPU
		{0E40FB1E-7697-41EF-B151-E950DF966FCD}.Release|Any CPU.ActiveCfg = Release|Any CPU
		{0E40FB1E-7697-41EF-B151-E950DF966FCD}.Release|Any CPU.Build.0 = Release|Any CPU
		{4C14461D-ADD6-4583-9B30-9463D2896D29}.Debug|Any CPU.ActiveCfg = Debug|Any CPU
		{4C14461D-ADD6-4583-9B30-9463D2896D29}.Debug|Any CPU.Build.0 = Debug|Any CPU
		{4C14461D-ADD6-4583-9B30-9463D2896D29}.Release|Any CPU.ActiveCfg = Release|Any CPU
		{4C14461D-ADD6-4583-9B30-9463D2896D29}.Release|Any CPU.Build.0 = Release|Any CPU
	EndGlobalSection
	GlobalSection(SolutionProperties) = preSolution
		HideSolutionNode = FALSE
	EndGlobalSection
	GlobalSection(ExtensibilityGlobals) = postSolution
		SolutionGuid = {69825C67-2FF4-41B2-9987-586C3C23FF69}
	EndGlobalSection
EndGlobal
