
Microsoft Visual Studio Solution File, Format Version 12.00
# Visual Studio 15
VisualStudioVersion = 15.0.28010.2026
MinimumVisualStudioVersion = 10.0.40219.1
Project("{FAE04EC0-301F-11D3-BF4B-00C04F79EFBC}") = "WindowsFormsApp1", "WindowsFormsApp1\WindowsFormsApp1.csproj", "{7C96DC24-46BA-4B6C-A22D-93AE8B28061B}"
EndProject
Global
	GlobalSection(SolutionConfigurationPlatforms) = preSolution
		Debug|Any CPU = Debug|Any CPU
		Release|Any CPU = Release|Any CPU
	EndGlobalSection
	GlobalSection(ProjectConfigurationPlatforms) = postSolution
		{7C96DC24-46BA-4B6C-A22D-93AE8B28061B}.Debug|Any CPU.ActiveCfg = Debug|Any CPU
		{7C96DC24-46BA-4B6C-A22D-93AE8B28061B}.Debug|Any CPU.Build.0 = Debug|Any CPU
		{7C96DC24-46BA-4B6C-A22D-93AE8B28061B}.Release|Any CPU.ActiveCfg = Release|Any CPU
		{7C96DC24-46BA-4B6C-A22D-93AE8B28061B}.Release|Any CPU.Build.0 = Release|Any CPU
	EndGlobalSection
	GlobalSection(SolutionProperties) = preSolution
		HideSolutionNode = FALSE
	EndGlobalSection
	GlobalSection(ExtensibilityGlobals) = postSolution
		SolutionGuid = {8B091A8B-D8BB-4D66-9FC8-51C6CA4843C9}
	EndGlobalSection
EndGlobal
